
Microsoft Visual Studio Solution File, Format Version 12.00
# Visual Studio Version 16
VisualStudioVersion = 16.0.30711.63
MinimumVisualStudioVersion = 10.0.40219.1
Project("{FAE04EC0-301F-11D3-BF4B-00C04F79EFBC}") = "CheepsAmongUsApi", "CheepsAmongUsApi\CheepsAmongUsApi.csproj", "{7D8F8DE7-D532-40BD-B39C-FD23E1F22FC9}"
EndProject
Project("{FAE04EC0-301F-11D3-BF4B-00C04F79EFBC}") = "CheepsAmongUsBaseMod", "CheepsAmongUsBaseMod\CheepsAmongUsBaseMod.csproj", "{67009315-A954-4650-A4CC-71AC34C1F4AB}"
EndProject
Project("{FAE04EC0-301F-11D3-BF4B-00C04F79EFBC}") = "GameModeTeleportation", "TeleportationGameMode\GameModeTeleportation.csproj", "{5F464215-8789-4563-A89B-89CBBFDEF69D}"
EndProject
Project("{FAE04EC0-301F-11D3-BF4B-00C04F79EFBC}") = "GameModeAnon", "AnonGameMode\GameModeAnon.csproj", "{05F45B53-C31B-43E5-83E1-4AD681EDF44F}"
EndProject
Global
	GlobalSection(SolutionConfigurationPlatforms) = preSolution
		Debug|Any CPU = Debug|Any CPU
		Release|Any CPU = Release|Any CPU
	EndGlobalSection
	GlobalSection(ProjectConfigurationPlatforms) = postSolution
		{7D8F8DE7-D532-40BD-B39C-FD23E1F22FC9}.Debug|Any CPU.ActiveCfg = Debug|Any CPU
		{7D8F8DE7-D532-40BD-B39C-FD23E1F22FC9}.Debug|Any CPU.Build.0 = Debug|Any CPU
		{7D8F8DE7-D532-40BD-B39C-FD23E1F22FC9}.Release|Any CPU.ActiveCfg = Release|Any CPU
		{7D8F8DE7-D532-40BD-B39C-FD23E1F22FC9}.Release|Any CPU.Build.0 = Release|Any CPU
		{67009315-A954-4650-A4CC-71AC34C1F4AB}.Debug|Any CPU.ActiveCfg = Debug|Any CPU
		{67009315-A954-4650-A4CC-71AC34C1F4AB}.Debug|Any CPU.Build.0 = Debug|Any CPU
		{67009315-A954-4650-A4CC-71AC34C1F4AB}.Release|Any CPU.ActiveCfg = Release|Any CPU
		{67009315-A954-4650-A4CC-71AC34C1F4AB}.Release|Any CPU.Build.0 = Release|Any CPU
		{5F464215-8789-4563-A89B-89CBBFDEF69D}.Debug|Any CPU.ActiveCfg = Debug|Any CPU
		{5F464215-8789-4563-A89B-89CBBFDEF69D}.Debug|Any CPU.Build.0 = Debug|Any CPU
		{5F464215-8789-4563-A89B-89CBBFDEF69D}.Release|Any CPU.ActiveCfg = Release|Any CPU
		{5F464215-8789-4563-A89B-89CBBFDEF69D}.Release|Any CPU.Build.0 = Release|Any CPU
		{05F45B53-C31B-43E5-83E1-4AD681EDF44F}.Debug|Any CPU.ActiveCfg = Debug|Any CPU
		{05F45B53-C31B-43E5-83E1-4AD681EDF44F}.Debug|Any CPU.Build.0 = Debug|Any CPU
		{05F45B53-C31B-43E5-83E1-4AD681EDF44F}.Release|Any CPU.ActiveCfg = Release|Any CPU
		{05F45B53-C31B-43E5-83E1-4AD681EDF44F}.Release|Any CPU.Build.0 = Release|Any CPU
	EndGlobalSection
	GlobalSection(SolutionProperties) = preSolution
		HideSolutionNode = FALSE
	EndGlobalSection
	GlobalSection(ExtensibilityGlobals) = postSolution
		SolutionGuid = {88FB3939-F74A-49AD-AFA3-9262FCA1D60E}
	EndGlobalSection
EndGlobal
